Microsoft Visual Studio Solution File, Format Version 12.00
# Visual Studio 15
Project("{2150E333-8FDC-42A3-9474-1A3956D46DE8}") = "CMakePredefinedTargets", "CMakePredefinedTargets", "{B46AFE84-8E4A-31FD-A24D-EDEC26119D42}"
EndProject
Project("{2150E333-8FDC-42A3-9474-1A3956D46DE8}") = "GLFW3", "GLFW3", "{0C874B61-7EDF-3A7C-8B8F-2F1AD526888F}"
EndProject
Project("{2150E333-8FDC-42A3-9474-1A3956D46DE8}") = "Examples", "GLFW3\Examples", "{EDCEC911-0894-33E6-A7F6-67B331EA87F4}"
EndProject
Project("{2150E333-8FDC-42A3-9474-1A3956D46DE8}") = "Tests", "GLFW3\Tests", "{190824EC-1B48-3B83-BE4C-510224BCC1FD}"
EndProject
Project("{8BC9CEB8-8B4A-11D0-8D11-00A0C91BC942}") = "ALL_BUILD", "ALL_BUILD.vcxproj", "{E026E739-0BCB-3CBE-90AE-48D6C3B3D412}"
	ProjectSection(ProjectDependencies) = postProject
		{ED81BFC1-4B44-3F97-AB6D-912919F630CE} = {ED81BFC1-4B44-3F97-AB6D-912919F630CE}
		{A6926A77-D2DE-32BE-B31C-A5924C2907E7} = {A6926A77-D2DE-32BE-B31C-A5924C2907E7}
		{B27F16DA-C796-3631-871E-416FEE972825} = {B27F16DA-C796-3631-871E-416FEE972825}
		{9B9D915F-EB29-34C0-BCE4-D0C51162DAEC} = {9B9D915F-EB29-34C0-BCE4-D0C51162DAEC}
		{C2A46F9B-6FC8-3B4D-987B-CFCB4DC0EA1E} = {C2A46F9B-6FC8-3B4D-987B-CFCB4DC0EA1E}
		{D28868DC-0CFD-3E4D-9D07-36B4CC8C6157} = {D28868DC-0CFD-3E4D-9D07-36B4CC8C6157}
		{AA913B2B-F4BD-39EE-8D09-B15A8B207BFF} = {AA913B2B-F4BD-39EE-8D09-B15A8B207BFF}
		{CA5DBE8A-EAEC-349C-9B63-FB6C31AF0D6F} = {CA5DBE8A-EAEC-349C-9B63-FB6C31AF0D6F}
		{2C651B4D-833D-3CAD-9298-580F747266E2} = {2C651B4D-833D-3CAD-9298-580F747266E2}
		{A4974399-8DF7-3053-8CB8-DB9082EAF86A} = {A4974399-8DF7-3053-8CB8-DB9082EAF86A}
		{80146300-ACE0-35FB-8AA8-4A0FAC34BEBA} = {80146300-ACE0-35FB-8AA8-4A0FAC34BEBA}
		{1A2CB051-D20E-3382-92AB-862AF6DA700A} = {1A2CB051-D20E-3382-92AB-862AF6DA700A}
		{4ADDDAB9-D29A-3A03-9DC3-C0D221F79917} = {4ADDDAB9-D29A-3A03-9DC3-C0D221F79917}
		{D7FD4A74-0864-3CA5-A14C-69E103587BA1} = {D7FD4A74-0864-3CA5-A14C-69E103587BA1}
		{4AD67CE6-F3E9-3FF4-BB12-0E984A7130E6} = {4AD67CE6-F3E9-3FF4-BB12-0E984A7130E6}
		{0082AFAB-81F4-37B3-8780-454C284F2DC6} = {0082AFAB-81F4-37B3-8780-454C284F2DC6}
		{EA20B5FA-114A-3F58-B968-7A2DCADE55AD} = {EA20B5FA-114A-3F58-B968-7A2DCADE55AD}
		{3B8E4D07-2812-3974-85D1-8D8E71C0029E} = {3B8E4D07-2812-3974-85D1-8D8E71C0029E}
		{56333A08-2254-3466-A296-0ECED078D476} = {56333A08-2254-3466-A296-0ECED078D476}
		{D223E593-2BAC-39C8-B88D-9B520B02B818} = {D223E593-2BAC-39C8-B88D-9B520B02B818}
		{674144B0-F780-39EB-9239-4DC742BD9CFE} = {674144B0-F780-39EB-9239-4DC742BD9CFE}
		{E7B79CD2-8968-31DF-91B3-B6B4E2F66F46} = {E7B79CD2-8968-31DF-91B3-B6B4E2F66F46}
		{D585AA88-2E77-3F6F-8C33-C749B0B72353} = {D585AA88-2E77-3F6F-8C33-C749B0B72353}
		{FDE6BC3D-3A3C-365B-B22C-19360C496D6D} = {FDE6BC3D-3A3C-365B-B22C-19360C496D6D}
		{447A179C-BFC6-3F1C-B05D-809CB0D08BDB} = {447A179C-BFC6-3F1C-B05D-809CB0D08BDB}
		{1BE1CBDB-45F0-398F-B6EA-B6315C45D5AF} = {1BE1CBDB-45F0-398F-B6EA-B6315C45D5AF}
		{E075EFAC-7AC7-37B2-AF69-3A0A3E7B6103} = {E075EFAC-7AC7-37B2-AF69-3A0A3E7B6103}
	EndProjectSection
EndProject
Project("{8BC9CEB8-8B4A-11D0-8D11-00A0C91BC942}") = "INSTALL", "INSTALL.vcxproj", "{3D591BFE-B19E-3FA0-BD2B-166FD35EBD36}"
	ProjectSection(ProjectDependencies) = postProject
		{E026E739-0BCB-3CBE-90AE-48D6C3B3D412} = {E026E739-0BCB-3CBE-90AE-48D6C3B3D412}
		{ED81BFC1-4B44-3F97-AB6D-912919F630CE} = {ED81BFC1-4B44-3F97-AB6D-912919F630CE}
	EndProjectSection
EndProject
Project("{8BC9CEB8-8B4A-11D0-8D11-00A0C91BC942}") = "ZERO_CHECK", "ZERO_CHECK.vcxproj", "{ED81BFC1-4B44-3F97-AB6D-912919F630CE}"
	ProjectSection(ProjectDependencies) = postProject
	EndProjectSection
EndProject
Project("{8BC9CEB8-8B4A-11D0-8D11-00A0C91BC942}") = "boing", "examples\boing.vcxproj", "{A6926A77-D2DE-32BE-B31C-A5924C2907E7}"
	ProjectSection(ProjectDependencies) = postProject
		{ED81BFC1-4B44-3F97-AB6D-912919F630CE} = {ED81BFC1-4B44-3F97-AB6D-912919F630CE}
		{2C651B4D-833D-3CAD-9298-580F747266E2} = {2C651B4D-833D-3CAD-9298-580F747266E2}
	EndProjectSection
EndProject
Project("{8BC9CEB8-8B4A-11D0-8D11-00A0C91BC942}") = "clipboard", "tests\clipboard.vcxproj", "{B27F16DA-C796-3631-871E-416FEE972825}"
	ProjectSection(ProjectDependencies) = postProject
		{ED81BFC1-4B44-3F97-AB6D-912919F630CE} = {ED81BFC1-4B44-3F97-AB6D-912919F630CE}
		{2C651B4D-833D-3CAD-9298-580F747266E2} = {2C651B4D-833D-3CAD-9298-580F747266E2}
	EndProjectSection
EndProject
Project("{8BC9CEB8-8B4A-11D0-8D11-00A0C91BC942}") = "cursor", "tests\cursor.vcxproj", "{9B9D915F-EB29-34C0-BCE4-D0C51162DAEC}"
	ProjectSection(ProjectDependencies) = postProject
		{ED81BFC1-4B44-3F97-AB6D-912919F630CE} = {ED81BFC1-4B44-3F97-AB6D-912919F630CE}
		{2C651B4D-833D-3CAD-9298-580F747266E2} = {2C651B4D-833D-3CAD-9298-580F747266E2}
	EndProjectSection
EndProject
Project("{8BC9CEB8-8B4A-11D0-8D11-00A0C91BC942}") = "empty", "tests\empty.vcxproj", "{C2A46F9B-6FC8-3B4D-987B-CFCB4DC0EA1E}"
	ProjectSection(ProjectDependencies) = postProject
		{ED81BFC1-4B44-3F97-AB6D-912919F630CE} = {ED81BFC1-4B44-3F97-AB6D-912919F630CE}
		{2C651B4D-833D-3CAD-9298-580F747266E2} = {2C651B4D-833D-3CAD-9298-580F747266E2}
	EndProjectSection
EndProject
Project("{8BC9CEB8-8B4A-11D0-8D11-00A0C91BC942}") = "events", "tests\events.vcxproj", "{D28868DC-0CFD-3E4D-9D07-36B4CC8C6157}"
	ProjectSection(ProjectDependencies) = postProject
		{ED81BFC1-4B44-3F97-AB6D-912919F630CE} = {ED81BFC1-4B44-3F97-AB6D-912919F630CE}
		{2C651B4D-833D-3CAD-9298-580F747266E2} = {2C651B4D-833D-3CAD-9298-580F747266E2}
	EndProjectSection
EndProject
Project("{8BC9CEB8-8B4A-11D0-8D11-00A0C91BC942}") = "gamma", "tests\gamma.vcxproj", "{AA913B2B-F4BD-39EE-8D09-B15A8B207BFF}"
	ProjectSection(ProjectDependencies) = postProject
		{ED81BFC1-4B44-3F97-AB6D-912919F630CE} = {ED81BFC1-4B44-3F97-AB6D-912919F630CE}
		{2C651B4D-833D-3CAD-9298-580F747266E2} = {2C651B4D-833D-3CAD-9298-580F747266E2}
	EndProjectSection
EndProject
Project("{8BC9CEB8-8B4A-11D0-8D11-00A0C91BC942}") = "gears", "examples\gears.vcxproj", "{CA5DBE8A-EAEC-349C-9B63-FB6C31AF0D6F}"
	ProjectSection(ProjectDependencies) = postProject
		{ED81BFC1-4B44-3F97-AB6D-912919F630CE} = {ED81BFC1-4B44-3F97-AB6D-912919F630CE}
		{2C651B4D-833D-3CAD-9298-580F747266E2} = {2C651B4D-833D-3CAD-9298-580F747266E2}
	EndProjectSection
EndProject
Project("{8BC9CEB8-8B4A-11D0-8D11-00A0C91BC942}") = "glfw", "src\glfw.vcxproj", "{2C651B4D-833D-3CAD-9298-580F747266E2}"
	ProjectSection(ProjectDependencies) = postProject
		{ED81BFC1-4B44-3F97-AB6D-912919F630CE} = {ED81BFC1-4B44-3F97-AB6D-912919F630CE}
	EndProjectSection
EndProject
Project("{8BC9CEB8-8B4A-11D0-8D11-00A0C91BC942}") = "glfwinfo", "tests\glfwinfo.vcxproj", "{A4974399-8DF7-3053-8CB8-DB9082EAF86A}"
	ProjectSection(ProjectDependencies) = postProject
		{ED81BFC1-4B44-3F97-AB6D-912919F630CE} = {ED81BFC1-4B44-3F97-AB6D-912919F630CE}
		{2C651B4D-833D-3CAD-9298-580F747266E2} = {2C651B4D-833D-3CAD-9298-580F747266E2}
	EndProjectSection
EndProject
Project("{8BC9CEB8-8B4A-11D0-8D11-00A0C91BC942}") = "heightmap", "examples\heightmap.vcxproj", "{80146300-ACE0-35FB-8AA8-4A0FAC34BEBA}"
	ProjectSection(ProjectDependencies) = postProject
		{ED81BFC1-4B44-3F97-AB6D-912919F630CE} = {ED81BFC1-4B44-3F97-AB6D-912919F630CE}
		{2C651B4D-833D-3CAD-9298-580F747266E2} = {2C651B4D-833D-3CAD-9298-580F747266E2}
	EndProjectSection
EndProject
Project("{8BC9CEB8-8B4A-11D0-8D11-00A0C91BC942}") = "icon", "tests\icon.vcxproj", "{1A2CB051-D20E-3382-92AB-862AF6DA700A}"
	ProjectSection(ProjectDependencies) = postProject
		{ED81BFC1-4B44-3F97-AB6D-912919F630CE} = {ED81BFC1-4B44-3F97-AB6D-912919F630CE}
		{2C651B4D-833D-3CAD-9298-580F747266E2} = {2C651B4D-833D-3CAD-9298-580F747266E2}
	EndProjectSection
EndProject
Project("{8BC9CEB8-8B4A-11D0-8D11-00A0C91BC942}") = "iconify", "tests\iconify.vcxproj", "{4ADDDAB9-D29A-3A03-9DC3-C0D221F79917}"
	ProjectSection(ProjectDependencies) = postProject
		{ED81BFC1-4B44-3F97-AB6D-912919F630CE} = {ED81BFC1-4B44-3F97-AB6D-912919F630CE}
		{2C651B4D-833D-3CAD-9298-580F747266E2} = {2C651B4D-833D-3CAD-9298-580F747266E2}
	EndProjectSection
EndProject
Project("{8BC9CEB8-8B4A-11D0-8D11-00A0C91BC942}") = "joysticks", "tests\joysticks.vcxproj", "{D7FD4A74-0864-3CA5-A14C-69E103587BA1}"
	ProjectSection(ProjectDependencies) = postProject
		{ED81BFC1-4B44-3F97-AB6D-912919F630CE} = {ED81BFC1-4B44-3F97-AB6D-912919F630CE}
		{2C651B4D-833D-3CAD-9298-580F747266E2} = {2C651B4D-833D-3CAD-9298-580F747266E2}
	EndProjectSection
EndProject
Project("{8BC9CEB8-8B4A-11D0-8D11-00A0C91BC942}") = "monitors", "tests\monitors.vcxproj", "{4AD67CE6-F3E9-3FF4-BB12-0E984A7130E6}"
	ProjectSection(ProjectDependencies) = postProject
		{ED81BFC1-4B44-3F97-AB6D-912919F630CE} = {ED81BFC1-4B44-3F97-AB6D-912919F630CE}
		{2C651B4D-833D-3CAD-9298-580F747266E2} = {2C651B4D-833D-3CAD-9298-580F747266E2}
	EndProjectSection
EndProject
Project("{8BC9CEB8-8B4A-11D0-8D11-00A0C91BC942}") = "msaa", "tests\msaa.vcxproj", "{0082AFAB-81F4-37B3-8780-454C284F2DC6}"
	ProjectSection(ProjectDependencies) = postProject
		{ED81BFC1-4B44-3F97-AB6D-912919F630CE} = {ED81BFC1-4B44-3F97-AB6D-912919F630CE}
		{2C651B4D-833D-3CAD-9298-580F747266E2} = {2C651B4D-833D-3CAD-9298-580F747266E2}
	EndProjectSection
EndProject
Project("{8BC9CEB8-8B4A-11D0-8D11-00A0C91BC942}") = "particles", "examples\particles.vcxproj", "{EA20B5FA-114A-3F58-B968-7A2DCADE55AD}"
	ProjectSection(ProjectDependencies) = postProject
		{ED81BFC1-4B44-3F97-AB6D-912919F630CE} = {ED81BFC1-4B44-3F97-AB6D-912919F630CE}
		{2C651B4D-833D-3CAD-9298-580F747266E2} = {2C651B4D-833D-3CAD-9298-580F747266E2}
	EndProjectSection
EndProject
Project("{8BC9CEB8-8B4A-11D0-8D11-00A0C91BC942}") = "reopen", "tests\reopen.vcxproj", "{3B8E4D07-2812-3974-85D1-8D8E71C0029E}"
	ProjectSection(ProjectDependencies) = postProject
		{ED81BFC1-4B44-3F97-AB6D-912919F630CE} = {ED81BFC1-4B44-3F97-AB6D-912919F630CE}
		{2C651B4D-833D-3CAD-9298-580F747266E2} = {2C651B4D-833D-3CAD-9298-580F747266E2}
	EndProjectSection
EndProject
Project("{8BC9CEB8-8B4A-11D0-8D11-00A0C91BC942}") = "sharing", "tests\sharing.vcxproj", "{56333A08-2254-3466-A296-0ECED078D476}"
	ProjectSection(ProjectDependencies) = postProject
		{ED81BFC1-4B44-3F97-AB6D-912919F630CE} = {ED81BFC1-4B44-3F97-AB6D-912919F630CE}
		{2C651B4D-833D-3CAD-9298-580F747266E2} = {2C651B4D-833D-3CAD-9298-580F747266E2}
	EndProjectSection
EndProject
Project("{8BC9CEB8-8B4A-11D0-8D11-00A0C91BC942}") = "simple", "examples\simple.vcxproj", "{D223E593-2BAC-39C8-B88D-9B520B02B818}"
	ProjectSection(ProjectDependencies) = postProject
		{ED81BFC1-4B44-3F97-AB6D-912919F630CE} = {ED81BFC1-4B44-3F97-AB6D-912919F630CE}
		{2C651B4D-833D-3CAD-9298-580F747266E2} = {2C651B4D-833D-3CAD-9298-580F747266E2}
	EndProjectSection
EndProject
Project("{8BC9CEB8-8B4A-11D0-8D11-00A0C91BC942}") = "splitview", "examples\splitview.vcxproj", "{674144B0-F780-39EB-9239-4DC742BD9CFE}"
	ProjectSection(ProjectDependencies) = postProject
		{ED81BFC1-4B44-3F97-AB6D-912919F630CE} = {ED81BFC1-4B44-3F97-AB6D-912919F630CE}
		{2C651B4D-833D-3CAD-9298-580F747266E2} = {2C651B4D-833D-3CAD-9298-580F747266E2}
	EndProjectSection
EndProject
Project("{8BC9CEB8-8B4A-11D0-8D11-00A0C91BC942}") = "tearing", "tests\tearing.vcxproj", "{E7B79CD2-8968-31DF-91B3-B6B4E2F66F46}"
	ProjectSection(ProjectDependencies) = postProject
		{ED81BFC1-4B44-3F97-AB6D-912919F630CE} = {ED81BFC1-4B44-3F97-AB6D-912919F630CE}
		{2C651B4D-833D-3CAD-9298-580F747266E2} = {2C651B4D-833D-3CAD-9298-580F747266E2}
	EndProjectSection
EndProject
Project("{8BC9CEB8-8B4A-11D0-8D11-00A0C91BC942}") = "threads", "tests\threads.vcxproj", "{D585AA88-2E77-3F6F-8C33-C749B0B72353}"
	ProjectSection(ProjectDependencies) = postProject
		{ED81BFC1-4B44-3F97-AB6D-912919F630CE} = {ED81BFC1-4B44-3F97-AB6D-912919F630CE}
		{2C651B4D-833D-3CAD-9298-580F747266E2} = {2C651B4D-833D-3CAD-9298-580F747266E2}
	EndProjectSection
EndProject
Project("{8BC9CEB8-8B4A-11D0-8D11-00A0C91BC942}") = "timeout", "tests\timeout.vcxproj", "{FDE6BC3D-3A3C-365B-B22C-19360C496D6D}"
	ProjectSection(ProjectDependencies) = postProject
		{ED81BFC1-4B44-3F97-AB6D-912919F630CE} = {ED81BFC1-4B44-3F97-AB6D-912919F630CE}
		{2C651B4D-833D-3CAD-9298-580F747266E2} = {2C651B4D-833D-3CAD-9298-580F747266E2}
	EndProjectSection
EndProject
Project("{8BC9CEB8-8B4A-11D0-8D11-00A0C91BC942}") = "title", "tests\title.vcxproj", "{447A179C-BFC6-3F1C-B05D-809CB0D08BDB}"
	ProjectSection(ProjectDependencies) = postProject
		{ED81BFC1-4B44-3F97-AB6D-912919F630CE} = {ED81BFC1-4B44-3F97-AB6D-912919F630CE}
		{2C651B4D-833D-3CAD-9298-580F747266E2} = {2C651B4D-833D-3CAD-9298-580F747266E2}
	EndProjectSection
EndProject
Project("{8BC9CEB8-8B4A-11D0-8D11-00A0C91BC942}") = "uninstall", "uninstall.vcxproj", "{E3DD008D-02AD-386F-A8A8-89724BF936F4}"
	ProjectSection(ProjectDependencies) = postProject
		{ED81BFC1-4B44-3F97-AB6D-912919F630CE} = {ED81BFC1-4B44-3F97-AB6D-912919F630CE}
	EndProjectSection
EndProject
Project("{8BC9CEB8-8B4A-11D0-8D11-00A0C91BC942}") = "wave", "examples\wave.vcxproj", "{1BE1CBDB-45F0-398F-B6EA-B6315C45D5AF}"
	ProjectSection(ProjectDependencies) = postProject
		{ED81BFC1-4B44-3F97-AB6D-912919F630CE} = {ED81BFC1-4B44-3F97-AB6D-912919F630CE}
		{2C651B4D-833D-3CAD-9298-580F747266E2} = {2C651B4D-833D-3CAD-9298-580F747266E2}
	EndProjectSection
EndProject
Project("{8BC9CEB8-8B4A-11D0-8D11-00A0C91BC942}") = "windows", "tests\windows.vcxproj", "{E075EFAC-7AC7-37B2-AF69-3A0A3E7B6103}"
	ProjectSection(ProjectDependencies) = postProject
		{ED81BFC1-4B44-3F97-AB6D-912919F630CE} = {ED81BFC1-4B44-3F97-AB6D-912919F630CE}
		{2C651B4D-833D-3CAD-9298-580F747266E2} = {2C651B4D-833D-3CAD-9298-580F747266E2}
	EndProjectSection
EndProject
Global
	GlobalSection(SolutionConfigurationPlatforms) = preSolution
		Debug|Win32 = Debug|Win32
		Release|Win32 = Release|Win32
		MinSizeRel|Win32 = MinSizeRel|Win32
		RelWithDebInfo|Win32 = RelWithDebInfo|Win32
	EndGlobalSection
	GlobalSection(ProjectConfigurationPlatforms) = postSolution
		{E026E739-0BCB-3CBE-90AE-48D6C3B3D412}.Debug|Win32.ActiveCfg = Debug|Win32
		{E026E739-0BCB-3CBE-90AE-48D6C3B3D412}.Debug|Win32.Build.0 = Debug|Win32
		{E026E739-0BCB-3CBE-90AE-48D6C3B3D412}.Release|Win32.ActiveCfg = Release|Win32
		{E026E739-0BCB-3CBE-90AE-48D6C3B3D412}.Release|Win32.Build.0 = Release|Win32
		{E026E739-0BCB-3CBE-90AE-48D6C3B3D412}.MinSizeRel|Win32.ActiveCfg = MinSizeRel|Win32
		{E026E739-0BCB-3CBE-90AE-48D6C3B3D412}.MinSizeRel|Win32.Build.0 = MinSizeRel|Win32
		{E026E739-0BCB-3CBE-90AE-48D6C3B3D412}.RelWithDebInfo|Win32.ActiveCfg = RelWithDebInfo|Win32
		{E026E739-0BCB-3CBE-90AE-48D6C3B3D412}.RelWithDebInfo|Win32.Build.0 = RelWithDebInfo|Win32
		{3D591BFE-B19E-3FA0-BD2B-166FD35EBD36}.Debug|Win32.ActiveCfg = Debug|Win32
		{3D591BFE-B19E-3FA0-BD2B-166FD35EBD36}.Release|Win32.ActiveCfg = Release|Win32
		{3D591BFE-B19E-3FA0-BD2B-166FD35EBD36}.MinSizeRel|Win32.ActiveCfg = MinSizeRel|Win32
		{3D591BFE-B19E-3FA0-BD2B-166FD35EBD36}.RelWithDebInfo|Win32.ActiveCfg = RelWithDebInfo|Win32
		{ED81BFC1-4B44-3F97-AB6D-912919F630CE}.Debug|Win32.ActiveCfg = Debug|Win32
		{ED81BFC1-4B44-3F97-AB6D-912919F630CE}.Debug|Win32.Build.0 = Debug|Win32
		{ED81BFC1-4B44-3F97-AB6D-912919F630CE}.Release|Win32.ActiveCfg = Release|Win32
		{ED81BFC1-4B44-3F97-AB6D-912919F630CE}.Release|Win32.Build.0 = Release|Win32
		{ED81BFC1-4B44-3F97-AB6D-912919F630CE}.MinSizeRel|Win32.ActiveCfg = MinSizeRel|Win32
		{ED81BFC1-4B44-3F97-AB6D-912919F630CE}.MinSizeRel|Win32.Build.0 = MinSizeRel|Win32
		{ED81BFC1-4B44-3F97-AB6D-912919F630CE}.RelWithDebInfo|Win32.ActiveCfg = RelWithDebInfo|Win32
		{ED81BFC1-4B44-3F97-AB6D-912919F630CE}.RelWithDebInfo|Win32.Build.0 = RelWithDebInfo|Win32
		{A6926A77-D2DE-32BE-B31C-A5924C2907E7}.Debug|Win32.ActiveCfg = Debug|Win32
		{A6926A77-D2DE-32BE-B31C-A5924C2907E7}.Debug|Win32.Build.0 = Debug|Win32
		{A6926A77-D2DE-32BE-B31C-A5924C2907E7}.Release|Win32.ActiveCfg = Release|Win32
		{A6926A77-D2DE-32BE-B31C-A5924C2907E7}.Release|Win32.Build.0 = Release|Win32
		{A6926A77-D2DE-32BE-B31C-A5924C2907E7}.MinSizeRel|Win32.ActiveCfg = MinSizeRel|Win32
		{A6926A77-D2DE-32BE-B31C-A5924C2907E7}.MinSizeRel|Win32.Build.0 = MinSizeRel|Win32
		{A6926A77-D2DE-32BE-B31C-A5924C2907E7}.RelWithDebInfo|Win32.ActiveCfg = RelWithDebInfo|Win32
		{A6926A77-D2DE-32BE-B31C-A5924C2907E7}.RelWithDebInfo|Win32.Build.0 = RelWithDebInfo|Win32
		{B27F16DA-C796-3631-871E-416FEE972825}.Debug|Win32.ActiveCfg = Debug|Win32
		{B27F16DA-C796-3631-871E-416FEE972825}.Debug|Win32.Build.0 = Debug|Win32
		{B27F16DA-C796-3631-871E-416FEE972825}.Release|Win32.ActiveCfg = Release|Win32
		{B27F16DA-C796-3631-871E-416FEE972825}.Release|Win32.Build.0 = Release|Win32
		{B27F16DA-C796-3631-871E-416FEE972825}.MinSizeRel|Win32.ActiveCfg = MinSizeRel|Win32
		{B27F16DA-C796-3631-871E-416FEE972825}.MinSizeRel|Win32.Build.0 = MinSizeRel|Win32
		{B27F16DA-C796-3631-871E-416FEE972825}.RelWithDebInfo|Win32.ActiveCfg = RelWithDebInfo|Win32
		{B27F16DA-C796-3631-871E-416FEE972825}.RelWithDebInfo|Win32.Build.0 = RelWithDebInfo|Win32
		{9B9D915F-EB29-34C0-BCE4-D0C51162DAEC}.Debug|Win32.ActiveCfg = Debug|Win32
		{9B9D915F-EB29-34C0-BCE4-D0C51162DAEC}.Debug|Win32.Build.0 = Debug|Win32
		{9B9D915F-EB29-34C0-BCE4-D0C51162DAEC}.Release|Win32.ActiveCfg = Release|Win32
		{9B9D915F-EB29-34C0-BCE4-D0C51162DAEC}.Release|Win32.Build.0 = Release|Win32
		{9B9D915F-EB29-34C0-BCE4-D0C51162DAEC}.MinSizeRel|Win32.ActiveCfg = MinSizeRel|Win32
		{9B9D915F-EB29-34C0-BCE4-D0C51162DAEC}.MinSizeRel|Win32.Build.0 = MinSizeRel|Win32
		{9B9D915F-EB29-34C0-BCE4-D0C51162DAEC}.RelWithDebInfo|Win32.ActiveCfg = RelWithDebInfo|Win32
		{9B9D915F-EB29-34C0-BCE4-D0C51162DAEC}.RelWithDebInfo|Win32.Build.0 = RelWithDebInfo|Win32
		{C2A46F9B-6FC8-3B4D-987B-CFCB4DC0EA1E}.Debug|Win32.ActiveCfg = Debug|Win32
		{C2A46F9B-6FC8-3B4D-987B-CFCB4DC0EA1E}.Debug|Win32.Build.0 = Debug|Win32
		{C2A46F9B-6FC8-3B4D-987B-CFCB4DC0EA1E}.Release|Win32.ActiveCfg = Release|Win32
		{C2A46F9B-6FC8-3B4D-987B-CFCB4DC0EA1E}.Release|Win32.Build.0 = Release|Win32
		{C2A46F9B-6FC8-3B4D-987B-CFCB4DC0EA1E}.MinSizeRel|Win32.ActiveCfg = MinSizeRel|Win32
		{C2A46F9B-6FC8-3B4D-987B-CFCB4DC0EA1E}.MinSizeRel|Win32.Build.0 = MinSizeRel|Win32
		{C2A46F9B-6FC8-3B4D-987B-CFCB4DC0EA1E}.RelWithDebInfo|Win32.ActiveCfg = RelWithDebInfo|Win32
		{C2A46F9B-6FC8-3B4D-987B-CFCB4DC0EA1E}.RelWithDebInfo|Win32.Build.0 = RelWithDebInfo|Win32
		{D28868DC-0CFD-3E4D-9D07-36B4CC8C6157}.Debug|Win32.ActiveCfg = Debug|Win32
		{D28868DC-0CFD-3E4D-9D07-36B4CC8C6157}.Debug|Win32.Build.0 = Debug|Win32
		{D28868DC-0CFD-3E4D-9D07-36B4CC8C6157}.Release|Win32.ActiveCfg = Release|Win32
		{D28868DC-0CFD-3E4D-9D07-36B4CC8C6157}.Release|Win32.Build.0 = Release|Win32
		{D28868DC-0CFD-3E4D-9D07-36B4CC8C6157}.MinSizeRel|Win32.ActiveCfg = MinSizeRel|Win32
		{D28868DC-0CFD-3E4D-9D07-36B4CC8C6157}.MinSizeRel|Win32.Build.0 = MinSizeRel|Win32
		{D28868DC-0CFD-3E4D-9D07-36B4CC8C6157}.RelWithDebInfo|Win32.ActiveCfg = RelWithDebInfo|Win32
		{D28868DC-0CFD-3E4D-9D07-36B4CC8C6157}.RelWithDebInfo|Win32.Build.0 = RelWithDebInfo|Win32
		{AA913B2B-F4BD-39EE-8D09-B15A8B207BFF}.Debug|Win32.ActiveCfg = Debug|Win32
		{AA913B2B-F4BD-39EE-8D09-B15A8B207BFF}.Debug|Win32.Build.0 = Debug|Win32
		{AA913B2B-F4BD-39EE-8D09-B15A8B207BFF}.Release|Win32.ActiveCfg = Release|Win32
		{AA913B2B-F4BD-39EE-8D09-B15A8B207BFF}.Release|Win32.Build.0 = Release|Win32
		{AA913B2B-F4BD-39EE-8D09-B15A8B207BFF}.MinSizeRel|Win32.ActiveCfg = MinSizeRel|Win32
		{AA913B2B-F4BD-39EE-8D09-B15A8B207BFF}.MinSizeRel|Win32.Build.0 = MinSizeRel|Win32
		{AA913B2B-F4BD-39EE-8D09-B15A8B207BFF}.RelWithDebInfo|Win32.ActiveCfg = RelWithDebInfo|Win32
		{AA913B2B-F4BD-39EE-8D09-B15A8B207BFF}.RelWithDebInfo|Win32.Build.0 = RelWithDebInfo|Win32
		{CA5DBE8A-EAEC-349C-9B63-FB6C31AF0D6F}.Debug|Win32.ActiveCfg = Debug|Win32
		{CA5DBE8A-EAEC-349C-9B63-FB6C31AF0D6F}.Debug|Win32.Build.0 = Debug|Win32
		{CA5DBE8A-EAEC-349C-9B63-FB6C31AF0D6F}.Release|Win32.ActiveCfg = Release|Win32
		{CA5DBE8A-EAEC-349C-9B63-FB6C31AF0D6F}.Release|Win32.Build.0 = Release|Win32
		{CA5DBE8A-EAEC-349C-9B63-FB6C31AF0D6F}.MinSizeRel|Win32.ActiveCfg = MinSizeRel|Win32
		{CA5DBE8A-EAEC-349C-9B63-FB6C31AF0D6F}.MinSizeRel|Win32.Build.0 = MinSizeRel|Win32
		{CA5DBE8A-EAEC-349C-9B63-FB6C31AF0D6F}.RelWithDebInfo|Win32.ActiveCfg = RelWithDebInfo|Win32
		{CA5DBE8A-EAEC-349C-9B63-FB6C31AF0D6F}.RelWithDebInfo|Win32.Build.0 = RelWithDebInfo|Win32
		{2C651B4D-833D-3CAD-9298-580F747266E2}.Debug|Win32.ActiveCfg = Debug|Win32
		{2C651B4D-833D-3CAD-9298-580F747266E2}.Debug|Win32.Build.0 = Debug|Win32
		{2C651B4D-833D-3CAD-9298-580F747266E2}.Release|Win32.ActiveCfg = Release|Win32
		{2C651B4D-833D-3CAD-9298-580F747266E2}.Release|Win32.Build.0 = Release|Win32
		{2C651B4D-833D-3CAD-9298-580F747266E2}.MinSizeRel|Win32.ActiveCfg = MinSizeRel|Win32
		{2C651B4D-833D-3CAD-9298-580F747266E2}.MinSizeRel|Win32.Build.0 = MinSizeRel|Win32
		{2C651B4D-833D-3CAD-9298-580F747266E2}.RelWithDebInfo|Win32.ActiveCfg = RelWithDebInfo|Win32
		{2C651B4D-833D-3CAD-9298-580F747266E2}.RelWithDebInfo|Win32.Build.0 = RelWithDebInfo|Win32
		{A4974399-8DF7-3053-8CB8-DB9082EAF86A}.Debug|Win32.ActiveCfg = Debug|Win32
		{A4974399-8DF7-3053-8CB8-DB9082EAF86A}.Debug|Win32.Build.0 = Debug|Win32
		{A4974399-8DF7-3053-8CB8-DB9082EAF86A}.Release|Win32.ActiveCfg = Release|Win32
		{A4974399-8DF7-3053-8CB8-DB9082EAF86A}.Release|Win32.Build.0 = Release|Win32
		{A4974399-8DF7-3053-8CB8-DB9082EAF86A}.MinSizeRel|Win32.ActiveCfg = MinSizeRel|Win32
		{A4974399-8DF7-3053-8CB8-DB9082EAF86A}.MinSizeRel|Win32.Build.0 = MinSizeRel|Win32
		{A4974399-8DF7-3053-8CB8-DB9082EAF86A}.RelWithDebInfo|Win32.ActiveCfg = RelWithDebInfo|Win32
		{A4974399-8DF7-3053-8CB8-DB9082EAF86A}.RelWithDebInfo|Win32.Build.0 = RelWithDebInfo|Win32
		{80146300-ACE0-35FB-8AA8-4A0FAC34BEBA}.Debug|Win32.ActiveCfg = Debug|Win32
		{80146300-ACE0-35FB-8AA8-4A0FAC34BEBA}.Debug|Win32.Build.0 = Debug|Win32
		{80146300-ACE0-35FB-8AA8-4A0FAC34BEBA}.Release|Win32.ActiveCfg = Release|Win32
		{80146300-ACE0-35FB-8AA8-4A0FAC34BEBA}.Release|Win32.Build.0 = Release|Win32
		{80146300-ACE0-35FB-8AA8-4A0FAC34BEBA}.MinSizeRel|Win32.ActiveCfg = MinSizeRel|Win32
		{80146300-ACE0-35FB-8AA8-4A0FAC34BEBA}.MinSizeRel|Win32.Build.0 = MinSizeRel|Win32
		{80146300-ACE0-35FB-8AA8-4A0FAC34BEBA}.RelWithDebInfo|Win32.ActiveCfg = RelWithDebInfo|Win32
		{80146300-ACE0-35FB-8AA8-4A0FAC34BEBA}.RelWithDebInfo|Win32.Build.0 = RelWithDebInfo|Win32
		{1A2CB051-D20E-3382-92AB-862AF6DA700A}.Debug|Win32.ActiveCfg = Debug|Win32
		{1A2CB051-D20E-3382-92AB-862AF6DA700A}.Debug|Win32.Build.0 = Debug|Win32
		{1A2CB051-D20E-3382-92AB-862AF6DA700A}.Release|Win32.ActiveCfg = Release|Win32
		{1A2CB051-D20E-3382-92AB-862AF6DA700A}.Release|Win32.Build.0 = Release|Win32
		{1A2CB051-D20E-3382-92AB-862AF6DA700A}.MinSizeRel|Win32.ActiveCfg = MinSizeRel|Win32
		{1A2CB051-D20E-3382-92AB-862AF6DA700A}.MinSizeRel|Win32.Build.0 = MinSizeRel|Win32
		{1A2CB051-D20E-3382-92AB-862AF6DA700A}.RelWithDebInfo|Win32.ActiveCfg = RelWithDebInfo|Win32
		{1A2CB051-D20E-3382-92AB-862AF6DA700A}.RelWithDebInfo|Win32.Build.0 = RelWithDebInfo|Win32
		{4ADDDAB9-D29A-3A03-9DC3-C0D221F79917}.Debug|Win32.ActiveCfg = Debug|Win32
		{4ADDDAB9-D29A-3A03-9DC3-C0D221F79917}.Debug|Win32.Build.0 = Debug|Win32
		{4ADDDAB9-D29A-3A03-9DC3-C0D221F79917}.Release|Win32.ActiveCfg = Release|Win32
		{4ADDDAB9-D29A-3A03-9DC3-C0D221F79917}.Release|Win32.Build.0 = Release|Win32
		{4ADDDAB9-D29A-3A03-9DC3-C0D221F79917}.MinSizeRel|Win32.ActiveCfg = MinSizeRel|Win32
		{4ADDDAB9-D29A-3A03-9DC3-C0D221F79917}.MinSizeRel|Win32.Build.0 = MinSizeRel|Win32
		{4ADDDAB9-D29A-3A03-9DC3-C0D221F79917}.RelWithDebInfo|Win32.ActiveCfg = RelWithDebInfo|Win32
		{4ADDDAB9-D29A-3A03-9DC3-C0D221F79917}.RelWithDebInfo|Win32.Build.0 = RelWithDebInfo|Win32
		{D7FD4A74-0864-3CA5-A14C-69E103587BA1}.Debug|Win32.ActiveCfg = Debug|Win32
		{D7FD4A74-0864-3CA5-A14C-69E103587BA1}.Debug|Win32.Build.0 = Debug|Win32
		{D7FD4A74-0864-3CA5-A14C-69E103587BA1}.Release|Win32.ActiveCfg = Release|Win32
		{D7FD4A74-0864-3CA5-A14C-69E103587BA1}.Release|Win32.Build.0 = Release|Win32
		{D7FD4A74-0864-3CA5-A14C-69E103587BA1}.MinSizeRel|Win32.ActiveCfg = MinSizeRel|Win32
		{D7FD4A74-0864-3CA5-A14C-69E103587BA1}.MinSizeRel|Win32.Build.0 = MinSizeRel|Win32
		{D7FD4A74-0864-3CA5-A14C-69E103587BA1}.RelWithDebInfo|Win32.ActiveCfg = RelWithDebInfo|Win32
		{D7FD4A74-0864-3CA5-A14C-69E103587BA1}.RelWithDebInfo|Win32.Build.0 = RelWithDebInfo|Win32
		{4AD67CE6-F3E9-3FF4-BB12-0E984A7130E6}.Debug|Win32.ActiveCfg = Debug|Win32
		{4AD67CE6-F3E9-3FF4-BB12-0E984A7130E6}.Debug|Win32.Build.0 = Debug|Win32
		{4AD67CE6-F3E9-3FF4-BB12-0E984A7130E6}.Release|Win32.ActiveCfg = Release|Win32
		{4AD67CE6-F3E9-3FF4-BB12-0E984A7130E6}.Release|Win32.Build.0 = Release|Win32
		{4AD67CE6-F3E9-3FF4-BB12-0E984A7130E6}.MinSizeRel|Win32.ActiveCfg = MinSizeRel|Win32
		{4AD67CE6-F3E9-3FF4-BB12-0E984A7130E6}.MinSizeRel|Win32.Build.0 = MinSizeRel|Win32
		{4AD67CE6-F3E9-3FF4-BB12-0E984A7130E6}.RelWithDebInfo|Win32.ActiveCfg = RelWithDebInfo|Win32
		{4AD67CE6-F3E9-3FF4-BB12-0E984A7130E6}.RelWithDebInfo|Win32.Build.0 = RelWithDebInfo|Win32
		{0082AFAB-81F4-37B3-8780-454C284F2DC6}.Debug|Win32.ActiveCfg = Debug|Win32
		{0082AFAB-81F4-37B3-8780-454C284F2DC6}.Debug|Win32.Build.0 = Debug|Win32
		{0082AFAB-81F4-37B3-8780-454C284F2DC6}.Release|Win32.ActiveCfg = Release|Win32
		{0082AFAB-81F4-37B3-8780-454C284F2DC6}.Release|Win32.Build.0 = Release|Win32
		{0082AFAB-81F4-37B3-8780-454C284F2DC6}.MinSizeRel|Win32.ActiveCfg = MinSizeRel|Win32
		{0082AFAB-81F4-37B3-8780-454C284F2DC6}.MinSizeRel|Win32.Build.0 = MinSizeRel|Win32
		{0082AFAB-81F4-37B3-8780-454C284F2DC6}.RelWithDebInfo|Win32.ActiveCfg = RelWithDebInfo|Win32
		{0082AFAB-81F4-37B3-8780-454C284F2DC6}.RelWithDebInfo|Win32.Build.0 = RelWithDebInfo|Win32
		{EA20B5FA-114A-3F58-B968-7A2DCADE55AD}.Debug|Win32.ActiveCfg = Debug|Win32
		{EA20B5FA-114A-3F58-B968-7A2DCADE55AD}.Debug|Win32.Build.0 = Debug|Win32
		{EA20B5FA-114A-3F58-B968-7A2DCADE55AD}.Release|Win32.ActiveCfg = Release|Win32
		{EA20B5FA-114A-3F58-B968-7A2DCADE55AD}.Release|Win32.Build.0 = Release|Win32
		{EA20B5FA-114A-3F58-B968-7A2DCADE55AD}.MinSizeRel|Win32.ActiveCfg = MinSizeRel|Win32
		{EA20B5FA-114A-3F58-B968-7A2DCADE55AD}.MinSizeRel|Win32.Build.0 = MinSizeRel|Win32
		{EA20B5FA-114A-3F58-B968-7A2DCADE55AD}.RelWithDebInfo|Win32.ActiveCfg = RelWithDebInfo|Win32
		{EA20B5FA-114A-3F58-B968-7A2DCADE55AD}.RelWithDebInfo|Win32.Build.0 = RelWithDebInfo|Win32
		{3B8E4D07-2812-3974-85D1-8D8E71C0029E}.Debug|Win32.ActiveCfg = Debug|Win32
		{3B8E4D07-2812-3974-85D1-8D8E71C0029E}.Debug|Win32.Build.0 = Debug|Win32
		{3B8E4D07-2812-3974-85D1-8D8E71C0029E}.Release|Win32.ActiveCfg = Release|Win32
		{3B8E4D07-2812-3974-85D1-8D8E71C0029E}.Release|Win32.Build.0 = Release|Win32
		{3B8E4D07-2812-3974-85D1-8D8E71C0029E}.MinSizeRel|Win32.ActiveCfg = MinSizeRel|Win32
		{3B8E4D07-2812-3974-85D1-8D8E71C0029E}.MinSizeRel|Win32.Build.0 = MinSizeRel|Win32
		{3B8E4D07-2812-3974-85D1-8D8E71C0029E}.RelWithDebInfo|Win32.ActiveCfg = RelWithDebInfo|Win32
		{3B8E4D07-2812-3974-85D1-8D8E71C0029E}.RelWithDebInfo|Win32.Build.0 = RelWithDebInfo|Win32
		{56333A08-2254-3466-A296-0ECED078D476}.Debug|Win32.ActiveCfg = Debug|Win32
		{56333A08-2254-3466-A296-0ECED078D476}.Debug|Win32.Build.0 = Debug|Win32
		{56333A08-2254-3466-A296-0ECED078D476}.Release|Win32.ActiveCfg = Release|Win32
		{56333A08-2254-3466-A296-0ECED078D476}.Release|Win32.Build.0 = Release|Win32
		{56333A08-2254-3466-A296-0ECED078D476}.MinSizeRel|Win32.ActiveCfg = MinSizeRel|Win32
		{56333A08-2254-3466-A296-0ECED078D476}.MinSizeRel|Win32.Build.0 = MinSizeRel|Win32
		{56333A08-2254-3466-A296-0ECED078D476}.RelWithDebInfo|Win32.ActiveCfg = RelWithDebInfo|Win32
		{56333A08-2254-3466-A296-0ECED078D476}.RelWithDebInfo|Win32.Build.0 = RelWithDebInfo|Win32
		{D223E593-2BAC-39C8-B88D-9B520B02B818}.Debug|Win32.ActiveCfg = Debug|Win32
		{D223E593-2BAC-39C8-B88D-9B520B02B818}.Debug|Win32.Build.0 = Debug|Win32
		{D223E593-2BAC-39C8-B88D-9B520B02B818}.Release|Win32.ActiveCfg = Release|Win32
		{D223E593-2BAC-39C8-B88D-9B520B02B818}.Release|Win32.Build.0 = Release|Win32
		{D223E593-2BAC-39C8-B88D-9B520B02B818}.MinSizeRel|Win32.ActiveCfg = MinSizeRel|Win32
		{D223E593-2BAC-39C8-B88D-9B520B02B818}.MinSizeRel|Win32.Build.0 = MinSizeRel|Win32
		{D223E593-2BAC-39C8-B88D-9B520B02B818}.RelWithDebInfo|Win32.ActiveCfg = RelWithDebInfo|Win32
		{D223E593-2BAC-39C8-B88D-9B520B02B818}.RelWithDebInfo|Win32.Build.0 = RelWithDebInfo|Win32
		{674144B0-F780-39EB-9239-4DC742BD9CFE}.Debug|Win32.ActiveCfg = Debug|Win32
		{674144B0-F780-39EB-9239-4DC742BD9CFE}.Debug|Win32.Build.0 = Debug|Win32
		{674144B0-F780-39EB-9239-4DC742BD9CFE}.Release|Win32.ActiveCfg = Release|Win32
		{674144B0-F780-39EB-9239-4DC742BD9CFE}.Release|Win32.Build.0 = Release|Win32
		{674144B0-F780-39EB-9239-4DC742BD9CFE}.MinSizeRel|Win32.ActiveCfg = MinSizeRel|Win32
		{674144B0-F780-39EB-9239-4DC742BD9CFE}.MinSizeRel|Win32.Build.0 = MinSizeRel|Win32
		{674144B0-F780-39EB-9239-4DC742BD9CFE}.RelWithDebInfo|Win32.ActiveCfg = RelWithDebInfo|Win32
		{674144B0-F780-39EB-9239-4DC742BD9CFE}.RelWithDebInfo|Win32.Build.0 = RelWithDebInfo|Win32
		{E7B79CD2-8968-31DF-91B3-B6B4E2F66F46}.Debug|Win32.ActiveCfg = Debug|Win32
		{E7B79CD2-8968-31DF-91B3-B6B4E2F66F46}.Debug|Win32.Build.0 = Debug|Win32
		{E7B79CD2-8968-31DF-91B3-B6B4E2F66F46}.Release|Win32.ActiveCfg = Release|Win32
		{E7B79CD2-8968-31DF-91B3-B6B4E2F66F46}.Release|Win32.Build.0 = Release|Win32
		{E7B79CD2-8968-31DF-91B3-B6B4E2F66F46}.MinSizeRel|Win32.ActiveCfg = MinSizeRel|Win32
		{E7B79CD2-8968-31DF-91B3-B6B4E2F66F46}.MinSizeRel|Win32.Build.0 = MinSizeRel|Win32
		{E7B79CD2-8968-31DF-91B3-B6B4E2F66F46}.RelWithDebInfo|Win32.ActiveCfg = RelWithDebInfo|Win32
		{E7B79CD2-8968-31DF-91B3-B6B4E2F66F46}.RelWithDebInfo|Win32.Build.0 = RelWithDebInfo|Win32
		{D585AA88-2E77-3F6F-8C33-C749B0B72353}.Debug|Win32.ActiveCfg = Debug|Win32
		{D585AA88-2E77-3F6F-8C33-C749B0B72353}.Debug|Win32.Build.0 = Debug|Win32
		{D585AA88-2E77-3F6F-8C33-C749B0B72353}.Release|Win32.ActiveCfg = Release|Win32
		{D585AA88-2E77-3F6F-8C33-C749B0B72353}.Release|Win32.Build.0 = Release|Win32
		{D585AA88-2E77-3F6F-8C33-C749B0B72353}.MinSizeRel|Win32.ActiveCfg = MinSizeRel|Win32
		{D585AA88-2E77-3F6F-8C33-C749B0B72353}.MinSizeRel|Win32.Build.0 = MinSizeRel|Win32
		{D585AA88-2E77-3F6F-8C33-C749B0B72353}.RelWithDebInfo|Win32.ActiveCfg = RelWithDebInfo|Win32
		{D585AA88-2E77-3F6F-8C33-C749B0B72353}.RelWithDebInfo|Win32.Build.0 = RelWithDebInfo|Win32
		{FDE6BC3D-3A3C-365B-B22C-19360C496D6D}.Debug|Win32.ActiveCfg = Debug|Win32
		{FDE6BC3D-3A3C-365B-B22C-19360C496D6D}.Debug|Win32.Build.0 = Debug|Win32
		{FDE6BC3D-3A3C-365B-B22C-19360C496D6D}.Release|Win32.ActiveCfg = Release|Win32
		{FDE6BC3D-3A3C-365B-B22C-19360C496D6D}.Release|Win32.Build.0 = Release|Win32
		{FDE6BC3D-3A3C-365B-B22C-19360C496D6D}.MinSizeRel|Win32.ActiveCfg = MinSizeRel|Win32
		{FDE6BC3D-3A3C-365B-B22C-19360C496D6D}.MinSizeRel|Win32.Build.0 = MinSizeRel|Win32
		{FDE6BC3D-3A3C-365B-B22C-19360C496D6D}.RelWithDebInfo|Win32.ActiveCfg = RelWithDebInfo|Win32
		{FDE6BC3D-3A3C-365B-B22C-19360C496D6D}.RelWithDebInfo|Win32.Build.0 = RelWithDebInfo|Win32
		{447A179C-BFC6-3F1C-B05D-809CB0D08BDB}.Debug|Win32.ActiveCfg = Debug|Win32
		{447A179C-BFC6-3F1C-B05D-809CB0D08BDB}.Debug|Win32.Build.0 = Debug|Win32
		{447A179C-BFC6-3F1C-B05D-809CB0D08BDB}.Release|Win32.ActiveCfg = Release|Win32
		{447A179C-BFC6-3F1C-B05D-809CB0D08BDB}.Release|Win32.Build.0 = Release|Win32
		{447A179C-BFC6-3F1C-B05D-809CB0D08BDB}.MinSizeRel|Win32.ActiveCfg = MinSizeRel|Win32
		{447A179C-BFC6-3F1C-B05D-809CB0D08BDB}.MinSizeRel|Win32.Build.0 = MinSizeRel|Win32
		{447A179C-BFC6-3F1C-B05D-809CB0D08BDB}.RelWithDebInfo|Win32.ActiveCfg = RelWithDebInfo|Win32
		{447A179C-BFC6-3F1C-B05D-809CB0D08BDB}.RelWithDebInfo|Win32.Build.0 = RelWithDebInfo|Win32
		{E3DD008D-02AD-386F-A8A8-89724BF936F4}.Debug|Win32.ActiveCfg = Debug|Win32
		{E3DD008D-02AD-386F-A8A8-89724BF936F4}.Release|Win32.ActiveCfg = Release|Win32
		{E3DD008D-02AD-386F-A8A8-89724BF936F4}.MinSizeRel|Win32.ActiveCfg = MinSizeRel|Win32
		{E3DD008D-02AD-386F-A8A8-89724BF936F4}.RelWithDebInfo|Win32.ActiveCfg = RelWithDebInfo|Win32
		{1BE1CBDB-45F0-398F-B6EA-B6315C45D5AF}.Debug|Win32.ActiveCfg = Debug|Win32
		{1BE1CBDB-45F0-398F-B6EA-B6315C45D5AF}.Debug|Win32.Build.0 = Debug|Win32
		{1BE1CBDB-45F0-398F-B6EA-B6315C45D5AF}.Release|Win32.ActiveCfg = Release|Win32
		{1BE1CBDB-45F0-398F-B6EA-B6315C45D5AF}.Release|Win32.Build.0 = Release|Win32
		{1BE1CBDB-45F0-398F-B6EA-B6315C45D5AF}.MinSizeRel|Win32.ActiveCfg = MinSizeRel|Win32
		{1BE1CBDB-45F0-398F-B6EA-B6315C45D5AF}.MinSizeRel|Win32.Build.0 = MinSizeRel|Win32
		{1BE1CBDB-45F0-398F-B6EA-B6315C45D5AF}.RelWithDebInfo|Win32.ActiveCfg = RelWithDebInfo|Win32
		{1BE1CBDB-45F0-398F-B6EA-B6315C45D5AF}.RelWithDebInfo|Win32.Build.0 = RelWithDebInfo|Win32
		{E075EFAC-7AC7-37B2-AF69-3A0A3E7B6103}.Debug|Win32.ActiveCfg = Debug|Win32
		{E075EFAC-7AC7-37B2-AF69-3A0A3E7B6103}.Debug|Win32.Build.0 = Debug|Win32
		{E075EFAC-7AC7-37B2-AF69-3A0A3E7B6103}.Release|Win32.ActiveCfg = Release|Win32
		{E075EFAC-7AC7-37B2-AF69-3A0A3E7B6103}.Release|Win32.Build.0 = Release|Win32
		{E075EFAC-7AC7-37B2-AF69-3A0A3E7B6103}.MinSizeRel|Win32.ActiveCfg = MinSizeRel|Win32
		{E075EFAC-7AC7-37B2-AF69-3A0A3E7B6103}.MinSizeRel|Win32.Build.0 = MinSizeRel|Win32
		{E075EFAC-7AC7-37B2-AF69-3A0A3E7B6103}.RelWithDebInfo|Win32.ActiveCfg = RelWithDebInfo|Win32
		{E075EFAC-7AC7-37B2-AF69-3A0A3E7B6103}.RelWithDebInfo|Win32.Build.0 = RelWithDebInfo|Win32
	EndGlobalSection
	GlobalSection(NestedProjects) = preSolution
		{E026E739-0BCB-3CBE-90AE-48D6C3B3D412} = {B46AFE84-8E4A-31FD-A24D-EDEC26119D42}
		{3D591BFE-B19E-3FA0-BD2B-166FD35EBD36} = {B46AFE84-8E4A-31FD-A24D-EDEC26119D42}
		{ED81BFC1-4B44-3F97-AB6D-912919F630CE} = {B46AFE84-8E4A-31FD-A24D-EDEC26119D42}
		{EDCEC911-0894-33E6-A7F6-67B331EA87F4} = {0C874B61-7EDF-3A7C-8B8F-2F1AD526888F}
		{190824EC-1B48-3B83-BE4C-510224BCC1FD} = {0C874B61-7EDF-3A7C-8B8F-2F1AD526888F}
		{2C651B4D-833D-3CAD-9298-580F747266E2} = {0C874B61-7EDF-3A7C-8B8F-2F1AD526888F}
		{A6926A77-D2DE-32BE-B31C-A5924C2907E7} = {EDCEC911-0894-33E6-A7F6-67B331EA87F4}
		{CA5DBE8A-EAEC-349C-9B63-FB6C31AF0D6F} = {EDCEC911-0894-33E6-A7F6-67B331EA87F4}
		{80146300-ACE0-35FB-8AA8-4A0FAC34BEBA} = {EDCEC911-0894-33E6-A7F6-67B331EA87F4}
		{EA20B5FA-114A-3F58-B968-7A2DCADE55AD} = {EDCEC911-0894-33E6-A7F6-67B331EA87F4}
		{D223E593-2BAC-39C8-B88D-9B520B02B818} = {EDCEC911-0894-33E6-A7F6-67B331EA87F4}
		{674144B0-F780-39EB-9239-4DC742BD9CFE} = {EDCEC911-0894-33E6-A7F6-67B331EA87F4}
		{1BE1CBDB-45F0-398F-B6EA-B6315C45D5AF} = {EDCEC911-0894-33E6-A7F6-67B331EA87F4}
		{B27F16DA-C796-3631-871E-416FEE972825} = {190824EC-1B48-3B83-BE4C-510224BCC1FD}
		{9B9D915F-EB29-34C0-BCE4-D0C51162DAEC} = {190824EC-1B48-3B83-BE4C-510224BCC1FD}
		{C2A46F9B-6FC8-3B4D-987B-CFCB4DC0EA1E} = {190824EC-1B48-3B83-BE4C-510224BCC1FD}
		{D28868DC-0CFD-3E4D-9D07-36B4CC8C6157} = {190824EC-1B48-3B83-BE4C-510224BCC1FD}
		{AA913B2B-F4BD-39EE-8D09-B15A8B207BFF} = {190824EC-1B48-3B83-BE4C-510224BCC1FD}
		{A4974399-8DF7-3053-8CB8-DB9082EAF86A} = {190824EC-1B48-3B83-BE4C-510224BCC1FD}
		{1A2CB051-D20E-3382-92AB-862AF6DA700A} = {190824EC-1B48-3B83-BE4C-510224BCC1FD}
		{4ADDDAB9-D29A-3A03-9DC3-C0D221F79917} = {190824EC-1B48-3B83-BE4C-510224BCC1FD}
		{D7FD4A74-0864-3CA5-A14C-69E103587BA1} = {190824EC-1B48-3B83-BE4C-510224BCC1FD}
		{4AD67CE6-F3E9-3FF4-BB12-0E984A7130E6} = {190824EC-1B48-3B83-BE4C-510224BCC1FD}
		{0082AFAB-81F4-37B3-8780-454C284F2DC6} = {190824EC-1B48-3B83-BE4C-510224BCC1FD}
		{3B8E4D07-2812-3974-85D1-8D8E71C0029E} = {190824EC-1B48-3B83-BE4C-510224BCC1FD}
		{56333A08-2254-3466-A296-0ECED078D476} = {190824EC-1B48-3B83-BE4C-510224BCC1FD}
		{E7B79CD2-8968-31DF-91B3-B6B4E2F66F46} = {190824EC-1B48-3B83-BE4C-510224BCC1FD}
		{D585AA88-2E77-3F6F-8C33-C749B0B72353} = {190824EC-1B48-3B83-BE4C-510224BCC1FD}
		{FDE6BC3D-3A3C-365B-B22C-19360C496D6D} = {190824EC-1B48-3B83-BE4C-510224BCC1FD}
		{447A179C-BFC6-3F1C-B05D-809CB0D08BDB} = {190824EC-1B48-3B83-BE4C-510224BCC1FD}
		{E075EFAC-7AC7-37B2-AF69-3A0A3E7B6103} = {190824EC-1B48-3B83-BE4C-510224BCC1FD}
	EndGlobalSection
	GlobalSection(ExtensibilityGlobals) = postSolution
		SolutionGuid = {19085C8B-A693-3E94-A138-58AA451ED5F5}
	EndGlobalSection
	GlobalSection(ExtensibilityAddIns) = postSolution
	EndGlobalSection
EndGlobal
